
Microsoft Visual Studio Solution File, Format Version 12.00
# Visual Studio Version 17
VisualStudioVersion = 17.4.33205.214
MinimumVisualStudioVersion = 10.0.40219.1
Project("{FAE04EC0-301F-11D3-BF4B-00C04F79EFBC}") = "FavoritePizzaToppings", "FavoritePizzaToppings.csproj", "{40A946CF-3358-4A0A-87C2-6555675FC1AF}"
EndProject
Global
	GlobalSection(SolutionConfigurationPlatforms) = preSolution
		Debug|Any CPU = Debug|Any CPU
		Release|Any CPU = Release|Any CPU
	EndGlobalSection
	GlobalSection(ProjectConfigurationPlatforms) = postSolution
		{40A946CF-3358-4A0A-87C2-6555675FC1AF}.Debug|Any CPU.ActiveCfg = Debug|Any CPU
		{40A946CF-3358-4A0A-87C2-6555675FC1AF}.Debug|Any CPU.Build.0 = Debug|Any CPU
		{40A946CF-3358-4A0A-87C2-6555675FC1AF}.Release|Any CPU.ActiveCfg = Release|Any CPU
		{40A946CF-3358-4A0A-87C2-6555675FC1AF}.Release|Any CPU.Build.0 = Release|Any CPU
	EndGlobalSection
	GlobalSection(SolutionProperties) = preSolution
		HideSolutionNode = FALSE
	EndGlobalSection
	GlobalSection(ExtensibilityGlobals) = postSolution
		SolutionGuid = {3495217E-72AE-4DF8-B501-939992A7E951}
	EndGlobalSection
EndGlobal
